{
  "name": "demo",
  "version": "1.0.0",
  "lockfileVersion": 3,
  "requires": true,
  "packages": {
    "": {
      "name": "demo",
      "version": "1.0.0",
      "license": "MPL-2.0",
      "dependencies": {
        "aibrow-extension": "file:../out/aibrow-extension"
      }
    },
    "../out/aibrow-extension": {
      "version": "1.0.48",
      "license": "MPL-2.0"
    },
    "node_modules/aibrow-extension": {
      "resolved": "../out/aibrow-extension",
      "link": true
    }
  }
}
